{
  "version": 4,
  "terraform_version": "0.12.29",
  "serial": 69,
  "lineage": "44176935-597d-d6b3-644c-32cb830625ab",
  "outputs": {},
  "resources": [
    {
      "mode": "managed",
      "type": "aws_lambda_function",
      "name": "stocksandbonds",
      "provider": "provider.aws",
      "instances": [
        {
          "schema_version": 0,
          "attributes": {
            "arn": "arn:aws:lambda:us-east-2:120364169916:function:stocksandbonds",
            "dead_letter_config": [],
            "description": "",
            "environment": [],
            "file_system_config": [],
            "filename": "../builds/main.zip",
            "function_name": "stocksandbonds",
            "handler": "main",
            "id": "stocksandbonds",
            "invoke_arn": "arn:aws:apigateway:us-east-2:lambda:path/2015-03-31/functions/arn:aws:lambda:us-east-2:120364169916:function:stocksandbonds/invocations",
            "kms_key_arn": "",
            "last_modified": "2020-08-22T07:50:32.101+0000",
            "layers": [],
            "memory_size": 128,
            "publish": false,
            "qualified_arn": "arn:aws:lambda:us-east-2:120364169916:function:stocksandbonds:$LATEST",
            "reserved_concurrent_executions": -1,
            "role": "arn:aws:iam::120364169916:role/service-role/lambda_basic_execution",
            "runtime": "go1.x",
            "s3_bucket": null,
            "s3_key": null,
            "s3_object_version": null,
            "source_code_hash": "ojLeXE5ASmC2TKCaA+ojShyJQ8y2uopsaJer2nn3pv8=",
            "source_code_size": 7145983,
            "tags": {},
            "timeout": 30,
            "timeouts": null,
            "tracing_config": [
              {
                "mode": "PassThrough"
              }
            ],
            "version": "$LATEST",
            "vpc_config": []
          },
          "private": "eyJlMmJmYjczMC1lY2FhLTExZTYtOGY4OC0zNDM2M2JjN2M0YzAiOnsiY3JlYXRlIjo2MDAwMDAwMDAwMDB9fQ=="
        }
      ]
    }
  ]
}
